// !$*UTF8*$!
{
	archiveVersion = 1;
	classes = {
	};
	objectVersion = 50;
	objects = {

/* Begin PBXBuildFile section */
		623B2CAA21B451DA00AA000E /* AppDelegate.swift in Sources */ = {isa = PBXBuildFile; fileRef = 623B2CA921B451DA00AA000E /* AppDelegate.swift */; };
		623B2CAC21B451DA00AA000E /* TADOOListViewController.swift in Sources */ = {isa = PBXBuildFile; fileRef = 623B2CAB21B451DA00AA000E /* TADOOListViewController.swift */; };
		623B2CAF21B451DA00AA000E /* Main.storyboard in Resources */ = {isa = PBXBuildFile; fileRef = 623B2CAD21B451DA00AA000E /* Main.storyboard */; };
		623B2CB121B451DC00AA000E /* Assets.xcassets in Resources */ = {isa = PBXBuildFile; fileRef = 623B2CB021B451DC00AA000E /* Assets.xcassets */; };
		623B2CB421B451DC00AA000E /* LaunchScreen.storyboard in Resources */ = {isa = PBXBuildFile; fileRef = 623B2CB221B451DC00AA000E /* LaunchScreen.storyboard */; };
		62A0E93C21B58A1B0022B390 /* item.swift in Sources */ = {isa = PBXBuildFile; fileRef = 62A0E93B21B58A1B0022B390 /* item.swift */; };
/* End PBXBuildFile section */

/* Begin PBXFileReference section */
		623B2CA621B451DA00AA000E /* TADOO.app */ = {isa = PBXFileReference; explicitFileType = wrapper.application; includeInIndex = 0; path = TADOO.app; sourceTree = BUILT_PRODUCTS_DIR; };
		623B2CA921B451DA00AA000E /* AppDelegate.swift */ = {isa = PBXFileReference; lastKnownFileType = sourcecode.swift; path = AppDelegate.swift; sourceTree = "<group>"; };
		623B2CAB21B451DA00AA000E /* TADOOListViewController.swift */ = {isa = PBXFileReference; lastKnownFileType = sourcecode.swift; path = TADOOListViewController.swift; sourceTree = "<group>"; };
		623B2CAE21B451DA00AA000E /* Base */ = {isa = PBXFileReference; lastKnownFileType = file.storyboard; name = Base; path = Base.lproj/Main.storyboard; sourceTree = "<group>"; };
		623B2CB021B451DC00AA000E /* Assets.xcassets */ = {isa = PBXFileReference; lastKnownFileType = folder.assetcatalog; path = Assets.xcassets; sourceTree = "<group>"; };
		623B2CB321B451DC00AA000E /* Base */ = {isa = PBXFileReference; lastKnownFileType = file.storyboard; name = Base; path = Base.lproj/LaunchScreen.storyboard; sourceTree = "<group>"; };
		623B2CB521B451DC00AA000E /* Info.plist */ = {isa = PBXFileReference; lastKnownFileType = text.plist.xml; path = Info.plist; sourceTree = "<group>"; };
		62A0E93B21B58A1B0022B390 /* item.swift */ = {isa = PBXFileReference; lastKnownFileType = sourcecode.swift; path = item.swift; sourceTree = "<group>"; };
/* End PBXFileReference section */

/* Begin PBXFrameworksBuildPhase section */
		623B2CA321B451DA00AA000E /* Frameworks */ = {
			isa = PBXFrameworksBuildPhase;
			buildActionMask = 2147483647;
			files = (
			);
			runOnlyForDeploymentPostprocessing = 0;
		};
/* End PBXFrameworksBuildPhase section */

/* Begin PBXGroup section */
		623B2C9D21B451DA00AA000E = {
			isa = PBXGroup;
			children = (
				623B2CA821B451DA00AA000E /* TADOO */,
				623B2CA721B451DA00AA000E /* Products */,
			);
			sourceTree = "<group>";
		};
		623B2CA721B451DA00AA000E /* Products */ = {
			isa = PBXGroup;
			children = (
				623B2CA621B451DA00AA000E /* TADOO.app */,
			);
			name = Products;
			sourceTree = "<group>";
		};
		623B2CA821B451DA00AA000E /* TADOO */ = {
			isa = PBXGroup;
			children = (
				623B2CA921B451DA00AA000E /* AppDelegate.swift */,
				62A0E93D21B58A320022B390 /* Model */,
				62A0E93F21B58A9A0022B390 /* View */,
				62A0E93E21B58A520022B390 /* Controllers */,
				62A0E94021B58AD80022B390 /* Supporting Files */,
				623B2CB521B451DC00AA000E /* Info.plist */,
			);
			path = TADOO;
			sourceTree = "<group>";
		};
		62A0E93D21B58A320022B390 /* Model */ = {
			isa = PBXGroup;
			children = (
				62A0E93B21B58A1B0022B390 /* item.swift */,
			);
			path = Model;
			sourceTree = "<group>";
		};
		62A0E93E21B58A520022B390 /* Controllers */ = {
			isa = PBXGroup;
			children = (
				623B2CAB21B451DA00AA000E /* TADOOListViewController.swift */,
			);
			path = Controllers;
			sourceTree = "<group>";
		};
		62A0E93F21B58A9A0022B390 /* View */ = {
			isa = PBXGroup;
			children = (
				623B2CAD21B451DA00AA000E /* Main.storyboard */,
			);
			path = View;
			sourceTree = "<group>";
		};
		62A0E94021B58AD80022B390 /* Supporting Files */ = {
			isa = PBXGroup;
			children = (
				623B2CB021B451DC00AA000E /* Assets.xcassets */,
				623B2CB221B451DC00AA000E /* LaunchScreen.storyboard */,
			);
			path = "Supporting Files";
			sourceTree = "<group>";
		};
/* End PBXGroup section */

/* Begin PBXNativeTarget section */
		623B2CA521B451DA00AA000E /* TADOO */ = {
			isa = PBXNativeTarget;
			buildConfigurationList = 623B2CB821B451DC00AA000E /* Build configuration list for PBXNativeTarget "TADOO" */;
			buildPhases = (
				623B2CA221B451DA00AA000E /* Sources */,
				623B2CA321B451DA00AA000E /* Frameworks */,
				623B2CA421B451DA00AA000E /* Resources */,
			);
			buildRules = (
			);
			dependencies = (
			);
			name = TADOO;
			productName = TADOO;
			productReference = 623B2CA621B451DA00AA000E /* TADOO.app */;
			productType = "com.apple.product-type.application";
		};
/* End PBXNativeTarget section */

/* Begin PBXProject section */
		623B2C9E21B451DA00AA000E /* Project object */ = {
			isa = PBXProject;
			attributes = {
				LastSwiftUpdateCheck = 1010;
				LastUpgradeCheck = 1010;
				ORGANIZATIONNAME = apptmise;
				TargetAttributes = {
					623B2CA521B451DA00AA000E = {
						CreatedOnToolsVersion = 10.1;
					};
				};
			};
			buildConfigurationList = 623B2CA121B451DA00AA000E /* Build configuration list for PBXProject "TADOO" */;
			compatibilityVersion = "Xcode 9.3";
			developmentRegion = en;
			hasScannedForEncodings = 0;
			knownRegions = (
				en,
				Base,
			);
			mainGroup = 623B2C9D21B451DA00AA000E;
			productRefGroup = 623B2CA721B451DA00AA000E /* Products */;
			projectDirPath = "";
			projectRoot = "";
			targets = (
				623B2CA521B451DA00AA000E /* TADOO */,
			);
		};
/* End PBXProject section */

/* Begin PBXResourcesBuildPhase section */
		623B2CA421B451DA00AA000E /* Resources */ = {
			isa = PBXResourcesBuildPhase;
			buildActionMask = 2147483647;
			files = (
				623B2CB421B451DC00AA000E /* LaunchScreen.storyboard in Resources */,
				623B2CB121B451DC00AA000E /* Assets.xcassets in Resources */,
				623B2CAF21B451DA00AA000E /* Main.storyboard in Resources */,
			);
			runOnlyForDeploymentPostprocessing = 0;
		};
/* End PBXResourcesBuildPhase section */

/* Begin PBXSourcesBuildPhase section */
		623B2CA221B451DA00AA000E /* Sources */ = {
			isa = PBXSourcesBuildPhase;
			buildActionMask = 2147483647;
			files = (
				623B2CAC21B451DA00AA000E /* TADOOListViewController.swift in Sources */,
				62A0E93C21B58A1B0022B390 /* item.swift in Sources */,
				623B2CAA21B451DA00AA000E /* AppDelegate.swift in Sources */,
			);
			runOnlyForDeploymentPostprocessing = 0;
		};
/* End PBXSourcesBuildPhase section */

/* Begin PBXVariantGroup section */
		623B2CAD21B451DA00AA000E /* Main.storyboard */ = {
			isa = PBXVariantGroup;
			children = (
				623B2CAE21B451DA00AA000E /* Base */,
			);
			name = Main.storyboard;
			sourceTree = "<group>";
		};
		623B2CB221B451DC00AA000E /* LaunchScreen.storyboard */ = {
			isa = PBXVariantGroup;
			children = (
				623B2CB321B451DC00AA000E /* Base */,
			);
			name = LaunchScreen.storyboard;
			sourceTree = "<group>";
		};
/* End PBXVariantGroup section */

/* Begin XCBuildConfiguration section */
		623B2CB621B451DC00AA000E /* Debug */ = {
			isa = XCBuildConfiguration;
			buildSettings = {
				ALWAYS_SEARCH_USER_PATHS = NO;
				CLANG_ANALYZER_NONNULL = YES;
				CLANG_ANALYZER_NUMBER_OBJECT_CONVERSION = YES_AGGRESSIVE;
				CLANG_CXX_LANGUAGE_STANDARD = "gnu++14";
				CLANG_CXX_LIBRARY = "libc++";
				CLANG_ENABLE_MODULES = YES;
				CLANG_ENABLE_OBJC_ARC = YES;
				CLANG_ENABLE_OBJC_WEAK = YES;
				CLANG_WARN_BLOCK_CAPTURE_AUTORELEASING = YES;
				CLANG_WARN_BOOL_CONVERSION = YES;
				CLANG_WARN_COMMA = YES;
				CLANG_WARN_CONSTANT_CONVERSION = YES;
				CLANG_WARN_DEPRECATED_OBJC_IMPLEMENTATIONS = YES;
				CLANG_WARN_DIRECT_OBJC_ISA_USAGE = YES_ERROR;
				CLANG_WARN_DOCUMENTATION_COMMENTS = YES;
				CLANG_WARN_EMPTY_BODY = YES;
				CLANG_WARN_ENUM_CONVERSION = YES;
				CLANG_WARN_INFINITE_RECURSION = YES;
				CLANG_WARN_INT_CONVERSION = YES;
				CLANG_WARN_NON_LITERAL_NULL_CONVERSION = YES;
				CLANG_WARN_OBJC_IMPLICIT_RETAIN_SELF = YES;
				CLANG_WARN_OBJC_LITERAL_CONVERSION = YES;
				CLANG_WARN_OBJC_ROOT_CLASS = YES_ERROR;
				CLANG_WARN_RANGE_LOOP_ANALYSIS = YES;
				CLANG_WARN_STRICT_PROTOTYPES = YES;
				CLANG_WARN_SUSPICIOUS_MOVE = YES;
				CLANG_WARN_UNGUARDED_AVAILABILITY = YES_AGGRESSIVE;
				CLANG_WARN_UNREACHABLE_CODE = YES;
				CLANG_WARN__DUPLICATE_METHOD_MATCH = YES;
				CODE_SIGN_IDENTITY = "iPhone Developer";
				COPY_PHASE_STRIP = NO;
				DEBUG_INFORMATION_FORMAT = dwarf;
				ENABLE_STRICT_OBJC_MSGSEND = YES;
				ENABLE_TESTABILITY = YES;
				GCC_C_LANGUAGE_STANDARD = gnu11;
				GCC_DYNAMIC_NO_PIC = NO;
				GCC_NO_COMMON_BLOCKS = YES;
				GCC_OPTIMIZATION_LEVEL = 0;
				GCC_PREPROCESSOR_DEFINITIONS = (
					"DEBUG=1",
					"$(inherited)",
				);
				GCC_WARN_64_TO_32_BIT_CONVERSION = YES;
				GCC_WARN_ABOUT_RETURN_TYPE = YES_ERROR;
				GCC_WARN_UNDECLARED_SELECTOR = YES;
				GCC_WARN_UNINITIALIZED_AUTOS = YES_AGGRESSIVE;
				GCC_WARN_UNUSED_FUNCTION = YES;
				GCC_WARN_UNUSED_VARIABLE = YES;
				IPHONEOS_DEPLOYMENT_TARGET = 12.1;
				MTL_ENABLE_DEBUG_INFO = INCLUDE_SOURCE;
				MTL_FAST_MATH = YES;
				ONLY_ACTIVE_ARCH = YES;
				SDKROOT = iphoneos;
				SWIFT_ACTIVE_COMPILATION_CONDITIONS = DEBUG;
				SWIFT_OPTIMIZATION_LEVEL = "-Onone";
			};
			name = Debug;
		};
		623B2CB721B451DC00AA000E /* Release */ = {
			isa = XCBuildConfiguration;
			buildSettings = {
				ALWAYS_SEARCH_USER_PATHS = NO;
				CLANG_ANALYZER_NONNULL = YES;
				CLANG_ANALYZER_NUMBER_OBJECT_CONVERSION = YES_AGGRESSIVE;
				CLANG_CXX_LANGUAGE_STANDARD = "gnu++14";
				CLANG_CXX_LIBRARY = "libc++";
				CLANG_ENABLE_MODULES = YES;
				CLANG_ENABLE_OBJC_ARC = YES;
				CLANG_ENABLE_OBJC_WEAK = YES;
				CLANG_WARN_BLOCK_CAPTURE_AUTORELEASING = YES;
				CLANG_WARN_BOOL_CONVERSION = YES;
				CLANG_WARN_COMMA = YES;
				CLANG_WARN_CONSTANT_CONVERSION = YES;
				CLANG_WARN_DEPRECATED_OBJC_IMPLEMENTATIONS = YES;
				CLANG_WARN_DIRECT_OBJC_ISA_USAGE = YES_ERROR;
				CLANG_WARN_DOCUMENTATION_COMMENTS = YES;
				CLANG_WARN_EMPTY_BODY = YES;
				CLANG_WARN_ENUM_CONVERSION = YES;
				CLANG_WARN_INFINITE_RECURSION = YES;
				CLANG_WARN_INT_CONVERSION = YES;
				CLANG_WARN_NON_LITERAL_NULL_CONVERSION = YES;
				CLANG_WARN_OBJC_IMPLICIT_RETAIN_SELF = YES;
				CLANG_WARN_OBJC_LITERAL_CONVERSION = YES;
				CLANG_WARN_OBJC_ROOT_CLASS = YES_ERROR;
				CLANG_WARN_RANGE_LOOP_ANALYSIS = YES;
				CLANG_WARN_STRICT_PROTOTYPES = YES;
				CLANG_WARN_SUSPICIOUS_MOVE = YES;
				CLANG_WARN_UNGUARDED_AVAILABILITY = YES_AGGRESSIVE;
				CLANG_WARN_UNREACHABLE_CODE = YES;
				CLANG_WARN__DUPLICATE_METHOD_MATCH = YES;
				CODE_SIGN_IDENTITY = "iPhone Developer";
				COPY_PHASE_STRIP = NO;
				DEBUG_INFORMATION_FORMAT = "dwarf-with-dsym";
				ENABLE_NS_ASSERTIONS = NO;
				ENABLE_STRICT_OBJC_MSGSEND = YES;
				GCC_C_LANGUAGE_STANDARD = gnu11;
				GCC_NO_COMMON_BLOCKS = YES;
				GCC_WARN_64_TO_32_BIT_CONVERSION = YES;
				GCC_WARN_ABOUT_RETURN_TYPE = YES_ERROR;
				GCC_WARN_UNDECLARED_SELECTOR = YES;
				GCC_WARN_UNINITIALIZED_AUTOS = YES_AGGRESSIVE;
				GCC_WARN_UNUSED_FUNCTION = YES;
				GCC_WARN_UNUSED_VARIABLE = YES;
				IPHONEOS_DEPLOYMENT_TARGET = 12.1;
				MTL_ENABLE_DEBUG_INFO = NO;
				MTL_FAST_MATH = YES;
				SDKROOT = iphoneos;
				SWIFT_COMPILATION_MODE = wholemodule;
				SWIFT_OPTIMIZATION_LEVEL = "-O";
				VALIDATE_PRODUCT = YES;
			};
			name = Release;
		};
		623B2CB921B451DC00AA000E /* Debug */ = {
			isa = XCBuildConfiguration;
			buildSettings = {
				ASSETCATALOG_COMPILER_APPICON_NAME = AppIcon;
				CODE_SIGN_STYLE = Automatic;
				DEVELOPMENT_TEAM = GY74UQ746F;
				INFOPLIST_FILE = TADOO/Info.plist;
				LD_RUNPATH_SEARCH_PATHS = (
					"$(inherited)",
					"@executable_path/Frameworks",
				);
				PRODUCT_BUNDLE_IDENTIFIER = com.apptmise.TADOO;
				PRODUCT_NAME = "$(TARGET_NAME)";
				SWIFT_VERSION = 4.2;
				TARGETED_DEVICE_FAMILY = "1,2";
			};
			name = Debug;
		};
		623B2CBA21B451DC00AA000E /* Release */ = {
			isa = XCBuildConfiguration;
			buildSettings = {
				ASSETCATALOG_COMPILER_APPICON_NAME = AppIcon;
				CODE_SIGN_STYLE = Automatic;
				DEVELOPMENT_TEAM = GY74UQ746F;
				INFOPLIST_FILE = TADOO/Info.plist;
				LD_RUNPATH_SEARCH_PATHS = (
					"$(inherited)",
					"@executable_path/Frameworks",
				);
				PRODUCT_BUNDLE_IDENTIFIER = com.apptmise.TADOO;
				PRODUCT_NAME = "$(TARGET_NAME)";
				SWIFT_VERSION = 4.2;
				TARGETED_DEVICE_FAMILY = "1,2";
			};
			name = Release;
		};
/* End XCBuildConfiguration section */

/* Begin XCConfigurationList section */
		623B2CA121B451DA00AA000E /* Build configuration list for PBXProject "TADOO" */ = {
			isa = XCConfigurationList;
			buildConfigurations = (
				623B2CB621B451DC00AA000E /* Debug */,
				623B2CB721B451DC00AA000E /* Release */,
			);
			defaultConfigurationIsVisible = 0;
			defaultConfigurationName = Release;
		};
		623B2CB821B451DC00AA000E /* Build configuration list for PBXNativeTarget "TADOO" */ = {
			isa = XCConfigurationList;
			buildConfigurations = (
				623B2CB921B451DC00AA000E /* Debug */,
				623B2CBA21B451DC00AA000E /* Release */,
			);
			defaultConfigurationIsVisible = 0;
			defaultConfigurationName = Release;
		};
/* End XCConfigurationList section */
	};
	rootObject = 623B2C9E21B451DA00AA000E /* Project object */;
}
